
Microsoft Visual Studio Solution File, Format Version 12.00
# Visual Studio Version 16
VisualStudioVersion = 16.0.34031.81
MinimumVisualStudioVersion = 10.0.40219.1
Project("{2150E333-8FDC-42A3-9474-1A3956D46DE8}") = "Task0", "Task0", "{3AC3B40E-29BA-42CF-870B-663BD98AF5EE}"
EndProject
Project("{FAE04EC0-301F-11D3-BF4B-00C04F79EFBC}") = "Tyuiu.SorokinAD.Sprint2.Task0.V2", "Tyuiu.SorokinAD.Sprint2.Task0.V2\Tyuiu.SorokinAD.Sprint2.Task0.V2.csproj", "{144E4F9A-1651-4B3C-8F32-B579A6546BC9}"
EndProject
Project("{FAE04EC0-301F-11D3-BF4B-00C04F79EFBC}") = "Tyuiu.SorokinAD.Sprint2.Task0.V2.Lib", "Tyuiu.SorokinAD.Sprint2.Task0.V2.Lib\Tyuiu.SorokinAD.Sprint2.Task0.V2.Lib.csproj", "{39CE9A6B-AB89-40F2-9F08-771A582B8567}"
EndProject
Project("{FAE04EC0-301F-11D3-BF4B-00C04F79EFBC}") = "Tyuiu.SorokinAD.Sprint2.Task0.V2.Test", "Tyuiu.SorokinAD.Sprint2.Task0.V2.Test\Tyuiu.SorokinAD.Sprint2.Task0.V2.Test.csproj", "{3F8F20D6-405B-4019-9378-404F81486F72}"
EndProject
Project("{2150E333-8FDC-42A3-9474-1A3956D46DE8}") = "Task1", "Task1", "{CECD78C3-DB34-40CF-91A5-3C2B3EEDCF03}"
EndProject
Project("{FAE04EC0-301F-11D3-BF4B-00C04F79EFBC}") = "Tyuiu.SorokinAD.Sprint2.Task1.V14", "Tyuiu.SorokinAD.Sprint2.Task1.V14\Tyuiu.SorokinAD.Sprint2.Task1.V14.csproj", "{4BCF7EA6-DC46-4BE9-90EF-4B36FE706C69}"
EndProject
Project("{FAE04EC0-301F-11D3-BF4B-00C04F79EFBC}") = "Tyuiu.SorokinAD.Sprint2.Task1.V14.Test", "Tyuiu.SorokinAD.Sprint2.Task1.V14.Test\Tyuiu.SorokinAD.Sprint2.Task1.V14.Test.csproj", "{C75DB0CB-80AD-4E31-9025-A125CAE20F51}"
EndProject
Project("{FAE04EC0-301F-11D3-BF4B-00C04F79EFBC}") = "Tyuiu.SorokinAD.Sprint2.Task1.V14.Lib", "Tyuiu.SorokinAD.Sprint2.Task1.V14.Lib\Tyuiu.SorokinAD.Sprint2.Task1.V14.Lib.csproj", "{02B4D1DE-34F4-4523-B67C-F030514AC428}"
EndProject
Project("{2150E333-8FDC-42A3-9474-1A3956D46DE8}") = "Task2", "Task2", "{55222D6B-AD28-4F28-A988-F5410AB693A3}"
EndProject
Project("{FAE04EC0-301F-11D3-BF4B-00C04F79EFBC}") = "Tyuiu.SorokinAD.Sprint2.Task2.V16", "Tyuiu.SorokinAD.Sprint2.Task2.V16\Tyuiu.SorokinAD.Sprint2.Task2.V16.csproj", "{BEAE070C-36ED-4B49-B533-C7C57315B69A}"
EndProject
Project("{FAE04EC0-301F-11D3-BF4B-00C04F79EFBC}") = "Tyuiu.SorokinAD.Sprint2.Task2.V16.Lib", "Tyuiu.SorokinAD.Sprint2.Task2.V16.Lib\Tyuiu.SorokinAD.Sprint2.Task2.V16.Lib.csproj", "{3EBE6289-45C8-4C57-9A2B-2AAB148DD32C}"
EndProject
Project("{FAE04EC0-301F-11D3-BF4B-00C04F79EFBC}") = "Tyuiu.SorokinAD.Sprint2.Task2.V16.Test", "Tyuiu.SorokinAD.Sprint2.Task2.V16.Test\Tyuiu.SorokinAD.Sprint2.Task2.V16.Test.csproj", "{C03ED19E-80B6-4036-998F-D48E51EC5870}"
EndProject
Project("{2150E333-8FDC-42A3-9474-1A3956D46DE8}") = "Task3", "Task3", "{2F31609B-54FB-47CD-863F-FC9F1981C5A6}"
EndProject
Project("{FAE04EC0-301F-11D3-BF4B-00C04F79EFBC}") = "Tyuiu.SorokinAD.Sprint2.Task3.V11", "Tyuiu.SorokinAD.Sprint2.Task3.V11\Tyuiu.SorokinAD.Sprint2.Task3.V11.csproj", "{DE5E8BDE-B740-4638-AEAD-32874914CB78}"
EndProject
Project("{FAE04EC0-301F-11D3-BF4B-00C04F79EFBC}") = "Tyuiu.SorokinAD.Sprint2.Task3.V11.Lib", "Tyuiu.SorokinAD.Sprint2.Task3.V11.Lib\Tyuiu.SorokinAD.Sprint2.Task3.V11.Lib.csproj", "{67C52EFF-B83A-49DE-8E2C-2110097309A5}"
EndProject
Project("{FAE04EC0-301F-11D3-BF4B-00C04F79EFBC}") = "Tyuiu.SorokinAD.Sprint2.Task3.V11.Test", "Tyuiu.SorokinAD.Sprint2.Task3.V11.Test\Tyuiu.SorokinAD.Sprint2.Task3.V11.Test.csproj", "{F9589D20-ABB2-4560-B112-B281890C019A}"
EndProject
Global
	GlobalSection(SolutionConfigurationPlatforms) = preSolution
		Debug|Any CPU = Debug|Any CPU
		Release|Any CPU = Release|Any CPU
	EndGlobalSection
	GlobalSection(ProjectConfigurationPlatforms) = postSolution
		{144E4F9A-1651-4B3C-8F32-B579A6546BC9}.Debug|Any CPU.ActiveCfg = Debug|Any CPU
		{144E4F9A-1651-4B3C-8F32-B579A6546BC9}.Debug|Any CPU.Build.0 = Debug|Any CPU
		{144E4F9A-1651-4B3C-8F32-B579A6546BC9}.Release|Any CPU.ActiveCfg = Release|Any CPU
		{144E4F9A-1651-4B3C-8F32-B579A6546BC9}.Release|Any CPU.Build.0 = Release|Any CPU
		{39CE9A6B-AB89-40F2-9F08-771A582B8567}.Debug|Any CPU.ActiveCfg = Debug|Any CPU
		{39CE9A6B-AB89-40F2-9F08-771A582B8567}.Debug|Any CPU.Build.0 = Debug|Any CPU
		{39CE9A6B-AB89-40F2-9F08-771A582B8567}.Release|Any CPU.ActiveCfg = Release|Any CPU
		{39CE9A6B-AB89-40F2-9F08-771A582B8567}.Release|Any CPU.Build.0 = Release|Any CPU
		{3F8F20D6-405B-4019-9378-404F81486F72}.Debug|Any CPU.ActiveCfg = Debug|Any CPU
		{3F8F20D6-405B-4019-9378-404F81486F72}.Debug|Any CPU.Build.0 = Debug|Any CPU
		{3F8F20D6-405B-4019-9378-404F81486F72}.Release|Any CPU.ActiveCfg = Release|Any CPU
		{3F8F20D6-405B-4019-9378-404F81486F72}.Release|Any CPU.Build.0 = Release|Any CPU
		{4BCF7EA6-DC46-4BE9-90EF-4B36FE706C69}.Debug|Any CPU.ActiveCfg = Debug|Any CPU
		{4BCF7EA6-DC46-4BE9-90EF-4B36FE706C69}.Debug|Any CPU.Build.0 = Debug|Any CPU
		{4BCF7EA6-DC46-4BE9-90EF-4B36FE706C69}.Release|Any CPU.ActiveCfg = Release|Any CPU
		{4BCF7EA6-DC46-4BE9-90EF-4B36FE706C69}.Release|Any CPU.Build.0 = Release|Any CPU
		{C75DB0CB-80AD-4E31-9025-A125CAE20F51}.Debug|Any CPU.ActiveCfg = Debug|Any CPU
		{C75DB0CB-80AD-4E31-9025-A125CAE20F51}.Debug|Any CPU.Build.0 = Debug|Any CPU
		{C75DB0CB-80AD-4E31-9025-A125CAE20F51}.Release|Any CPU.ActiveCfg = Release|Any CPU
		{C75DB0CB-80AD-4E31-9025-A125CAE20F51}.Release|Any CPU.Build.0 = Release|Any CPU
		{02B4D1DE-34F4-4523-B67C-F030514AC428}.Debug|Any CPU.ActiveCfg = Debug|Any CPU
		{02B4D1DE-34F4-4523-B67C-F030514AC428}.Debug|Any CPU.Build.0 = Debug|Any CPU
		{02B4D1DE-34F4-4523-B67C-F030514AC428}.Release|Any CPU.ActiveCfg = Release|Any CPU
		{02B4D1DE-34F4-4523-B67C-F030514AC428}.Release|Any CPU.Build.0 = Release|Any CPU
		{BEAE070C-36ED-4B49-B533-C7C57315B69A}.Debug|Any CPU.ActiveCfg = Debug|Any CPU
		{BEAE070C-36ED-4B49-B533-C7C57315B69A}.Debug|Any CPU.Build.0 = Debug|Any CPU
		{BEAE070C-36ED-4B49-B533-C7C57315B69A}.Release|Any CPU.ActiveCfg = Release|Any CPU
		{BEAE070C-36ED-4B49-B533-C7C57315B69A}.Release|Any CPU.Build.0 = Release|Any CPU
		{3EBE6289-45C8-4C57-9A2B-2AAB148DD32C}.Debug|Any CPU.ActiveCfg = Debug|Any CPU
		{3EBE6289-45C8-4C57-9A2B-2AAB148DD32C}.Debug|Any CPU.Build.0 = Debug|Any CPU
		{3EBE6289-45C8-4C57-9A2B-2AAB148DD32C}.Release|Any CPU.ActiveCfg = Release|Any CPU
		{3EBE6289-45C8-4C57-9A2B-2AAB148DD32C}.Release|Any CPU.Build.0 = Release|Any CPU
		{C03ED19E-80B6-4036-998F-D48E51EC5870}.Debug|Any CPU.ActiveCfg = Debug|Any CPU
		{C03ED19E-80B6-4036-998F-D48E51EC5870}.Debug|Any CPU.Build.0 = Debug|Any CPU
		{C03ED19E-80B6-4036-998F-D48E51EC5870}.Release|Any CPU.ActiveCfg = Release|Any CPU
		{C03ED19E-80B6-4036-998F-D48E51EC5870}.Release|Any CPU.Build.0 = Release|Any CPU
		{DE5E8BDE-B740-4638-AEAD-32874914CB78}.Debug|Any CPU.ActiveCfg = Debug|Any CPU
		{DE5E8BDE-B740-4638-AEAD-32874914CB78}.Debug|Any CPU.Build.0 = Debug|Any CPU
		{DE5E8BDE-B740-4638-AEAD-32874914CB78}.Release|Any CPU.ActiveCfg = Release|Any CPU
		{DE5E8BDE-B740-4638-AEAD-32874914CB78}.Release|Any CPU.Build.0 = Release|Any CPU
		{67C52EFF-B83A-49DE-8E2C-2110097309A5}.Debug|Any CPU.ActiveCfg = Debug|Any CPU
		{67C52EFF-B83A-49DE-8E2C-2110097309A5}.Debug|Any CPU.Build.0 = Debug|Any CPU
		{67C52EFF-B83A-49DE-8E2C-2110097309A5}.Release|Any CPU.ActiveCfg = Release|Any CPU
		{67C52EFF-B83A-49DE-8E2C-2110097309A5}.Release|Any CPU.Build.0 = Release|Any CPU
		{F9589D20-ABB2-4560-B112-B281890C019A}.Debug|Any CPU.ActiveCfg = Debug|Any CPU
		{F9589D20-ABB2-4560-B112-B281890C019A}.Debug|Any CPU.Build.0 = Debug|Any CPU
		{F9589D20-ABB2-4560-B112-B281890C019A}.Release|Any CPU.ActiveCfg = Release|Any CPU
		{F9589D20-ABB2-4560-B112-B281890C019A}.Release|Any CPU.Build.0 = Release|Any CPU
	EndGlobalSection
	GlobalSection(SolutionProperties) = preSolution
		HideSolutionNode = FALSE
	EndGlobalSection
	GlobalSection(NestedProjects) = preSolution
		{144E4F9A-1651-4B3C-8F32-B579A6546BC9} = {3AC3B40E-29BA-42CF-870B-663BD98AF5EE}
		{39CE9A6B-AB89-40F2-9F08-771A582B8567} = {3AC3B40E-29BA-42CF-870B-663BD98AF5EE}
		{3F8F20D6-405B-4019-9378-404F81486F72} = {3AC3B40E-29BA-42CF-870B-663BD98AF5EE}
		{4BCF7EA6-DC46-4BE9-90EF-4B36FE706C69} = {CECD78C3-DB34-40CF-91A5-3C2B3EEDCF03}
		{C75DB0CB-80AD-4E31-9025-A125CAE20F51} = {CECD78C3-DB34-40CF-91A5-3C2B3EEDCF03}
		{02B4D1DE-34F4-4523-B67C-F030514AC428} = {CECD78C3-DB34-40CF-91A5-3C2B3EEDCF03}
		{BEAE070C-36ED-4B49-B533-C7C57315B69A} = {55222D6B-AD28-4F28-A988-F5410AB693A3}
		{3EBE6289-45C8-4C57-9A2B-2AAB148DD32C} = {55222D6B-AD28-4F28-A988-F5410AB693A3}
		{C03ED19E-80B6-4036-998F-D48E51EC5870} = {55222D6B-AD28-4F28-A988-F5410AB693A3}
		{DE5E8BDE-B740-4638-AEAD-32874914CB78} = {2F31609B-54FB-47CD-863F-FC9F1981C5A6}
		{67C52EFF-B83A-49DE-8E2C-2110097309A5} = {2F31609B-54FB-47CD-863F-FC9F1981C5A6}
		{F9589D20-ABB2-4560-B112-B281890C019A} = {2F31609B-54FB-47CD-863F-FC9F1981C5A6}
	EndGlobalSection
	GlobalSection(ExtensibilityGlobals) = postSolution
		SolutionGuid = {8EE26A15-103C-435A-BA5A-2EDFE0A40135}
	EndGlobalSection
EndGlobal
